// !$*UTF8*$!
{
	archiveVersion = 1;
	classes = {
	};
	objectVersion = 55;
	objects = {

/* Begin PBXBuildFile section */
		9B24700428E8E2BC006BA1DC /* AppDelegate.swift in Sources */ = {isa = PBXBuildFile; fileRef = 9B24700328E8E2BC006BA1DC /* AppDelegate.swift */; };
		9B24700628E8E2BC006BA1DC /* SceneDelegate.swift in Sources */ = {isa = PBXBuildFile; fileRef = 9B24700528E8E2BC006BA1DC /* SceneDelegate.swift */; };
		9B24700828E8E2BC006BA1DC /* ViewController.swift in Sources */ = {isa = PBXBuildFile; fileRef = 9B24700728E8E2BC006BA1DC /* ViewController.swift */; };
		9B24700B28E8E2BC006BA1DC /* Main.storyboard in Resources */ = {isa = PBXBuildFile; fileRef = 9B24700928E8E2BC006BA1DC /* Main.storyboard */; };
		9B24700D28E8E2BD006BA1DC /* Assets.xcassets in Resources */ = {isa = PBXBuildFile; fileRef = 9B24700C28E8E2BD006BA1DC /* Assets.xcassets */; };
		9B24701028E8E2BD006BA1DC /* LaunchScreen.storyboard in Resources */ = {isa = PBXBuildFile; fileRef = 9B24700E28E8E2BD006BA1DC /* LaunchScreen.storyboard */; };
		9B24701B28E8E2BD006BA1DC /* BTVN_0410Tests.swift in Sources */ = {isa = PBXBuildFile; fileRef = 9B24701A28E8E2BD006BA1DC /* BTVN_0410Tests.swift */; };
		9B24702528E8E2BD006BA1DC /* BTVN_0410UITests.swift in Sources */ = {isa = PBXBuildFile; fileRef = 9B24702428E8E2BD006BA1DC /* BTVN_0410UITests.swift */; };
		9B24702728E8E2BD006BA1DC /* BTVN_0410UITestsLaunchTests.swift in Sources */ = {isa = PBXBuildFile; fileRef = 9B24702628E8E2BD006BA1DC /* BTVN_0410UITestsLaunchTests.swift */; };
		9B24703628E8E352006BA1DC /* FriendsTableViewCell.swift in Sources */ = {isa = PBXBuildFile; fileRef = 9B24703428E8E352006BA1DC /* FriendsTableViewCell.swift */; };
		9B24703728E8E352006BA1DC /* FriendsTableViewCell.xib in Resources */ = {isa = PBXBuildFile; fileRef = 9B24703528E8E352006BA1DC /* FriendsTableViewCell.xib */; };
/* End PBXBuildFile section */

/* Begin PBXContainerItemProxy section */
		9B24701728E8E2BD006BA1DC /* PBXContainerItemProxy */ = {
			isa = PBXContainerItemProxy;
			containerPortal = 9B246FF828E8E2BC006BA1DC /* Project object */;
			proxyType = 1;
			remoteGlobalIDString = 9B246FFF28E8E2BC006BA1DC;
			remoteInfo = BTVN_0410;
		};
		9B24702128E8E2BD006BA1DC /* PBXContainerItemProxy */ = {
			isa = PBXContainerItemProxy;
			containerPortal = 9B246FF828E8E2BC006BA1DC /* Project object */;
			proxyType = 1;
			remoteGlobalIDString = 9B246FFF28E8E2BC006BA1DC;
			remoteInfo = BTVN_0410;
		};
/* End PBXContainerItemProxy section */

/* Begin PBXFileReference section */
		9B24700028E8E2BC006BA1DC /* BTVN_0410.app */ = {isa = PBXFileReference; explicitFileType = wrapper.application; includeInIndex = 0; path = BTVN_0410.app; sourceTree = BUILT_PRODUCTS_DIR; };
		9B24700328E8E2BC006BA1DC /* AppDelegate.swift */ = {isa = PBXFileReference; lastKnownFileType = sourcecode.swift; path = AppDelegate.swift; sourceTree = "<group>"; };
		9B24700528E8E2BC006BA1DC /* SceneDelegate.swift */ = {isa = PBXFileReference; lastKnownFileType = sourcecode.swift; path = SceneDelegate.swift; sourceTree = "<group>"; };
		9B24700728E8E2BC006BA1DC /* ViewController.swift */ = {isa = PBXFileReference; lastKnownFileType = sourcecode.swift; path = ViewController.swift; sourceTree = "<group>"; };
		9B24700A28E8E2BC006BA1DC /* Base */ = {isa = PBXFileReference; lastKnownFileType = file.storyboard; name = Base; path = Base.lproj/Main.storyboard; sourceTree = "<group>"; };
		9B24700C28E8E2BD006BA1DC /* Assets.xcassets */ = {isa = PBXFileReference; lastKnownFileType = folder.assetcatalog; path = Assets.xcassets; sourceTree = "<group>"; };
		9B24700F28E8E2BD006BA1DC /* Base */ = {isa = PBXFileReference; lastKnownFileType = file.storyboard; name = Base; path = Base.lproj/LaunchScreen.storyboard; sourceTree = "<group>"; };
		9B24701128E8E2BD006BA1DC /* Info.plist */ = {isa = PBXFileReference; lastKnownFileType = text.plist.xml; path = Info.plist; sourceTree = "<group>"; };
		9B24701628E8E2BD006BA1DC /* BTVN_0410Tests.xctest */ = {isa = PBXFileReference; explicitFileType = wrapper.cfbundle; includeInIndex = 0; path = BTVN_0410Tests.xctest; sourceTree = BUILT_PRODUCTS_DIR; };
		9B24701A28E8E2BD006BA1DC /* BTVN_0410Tests.swift */ = {isa = PBXFileReference; lastKnownFileType = sourcecode.swift; path = BTVN_0410Tests.swift; sourceTree = "<group>"; };
		9B24702028E8E2BD006BA1DC /* BTVN_0410UITests.xctest */ = {isa = PBXFileReference; explicitFileType = wrapper.cfbundle; includeInIndex = 0; path = BTVN_0410UITests.xctest; sourceTree = BUILT_PRODUCTS_DIR; };
		9B24702428E8E2BD006BA1DC /* BTVN_0410UITests.swift */ = {isa = PBXFileReference; lastKnownFileType = sourcecode.swift; path = BTVN_0410UITests.swift; sourceTree = "<group>"; };
		9B24702628E8E2BD006BA1DC /* BTVN_0410UITestsLaunchTests.swift */ = {isa = PBXFileReference; lastKnownFileType = sourcecode.swift; path = BTVN_0410UITestsLaunchTests.swift; sourceTree = "<group>"; };
		9B24703428E8E352006BA1DC /* FriendsTableViewCell.swift */ = {isa = PBXFileReference; lastKnownFileType = sourcecode.swift; path = FriendsTableViewCell.swift; sourceTree = "<group>"; };
		9B24703528E8E352006BA1DC /* FriendsTableViewCell.xib */ = {isa = PBXFileReference; lastKnownFileType = file.xib; path = FriendsTableViewCell.xib; sourceTree = "<group>"; };
/* End PBXFileReference section */

/* Begin PBXFrameworksBuildPhase section */
		9B246FFD28E8E2BC006BA1DC /* Frameworks */ = {
			isa = PBXFrameworksBuildPhase;
			buildActionMask = 2147483647;
			files = (
			);
			runOnlyForDeploymentPostprocessing = 0;
		};
		9B24701328E8E2BD006BA1DC /* Frameworks */ = {
			isa = PBXFrameworksBuildPhase;
			buildActionMask = 2147483647;
			files = (
			);
			runOnlyForDeploymentPostprocessing = 0;
		};
		9B24701D28E8E2BD006BA1DC /* Frameworks */ = {
			isa = PBXFrameworksBuildPhase;
			buildActionMask = 2147483647;
			files = (
			);
			runOnlyForDeploymentPostprocessing = 0;
		};
/* End PBXFrameworksBuildPhase section */

/* Begin PBXGroup section */
		9B246FF728E8E2BC006BA1DC = {
			isa = PBXGroup;
			children = (
				9B24700228E8E2BC006BA1DC /* BTVN_0410 */,
				9B24701928E8E2BD006BA1DC /* BTVN_0410Tests */,
				9B24702328E8E2BD006BA1DC /* BTVN_0410UITests */,
				9B24700128E8E2BC006BA1DC /* Products */,
			);
			sourceTree = "<group>";
		};
		9B24700128E8E2BC006BA1DC /* Products */ = {
			isa = PBXGroup;
			children = (
				9B24700028E8E2BC006BA1DC /* BTVN_0410.app */,
				9B24701628E8E2BD006BA1DC /* BTVN_0410Tests.xctest */,
				9B24702028E8E2BD006BA1DC /* BTVN_0410UITests.xctest */,
			);
			name = Products;
			sourceTree = "<group>";
		};
		9B24700228E8E2BC006BA1DC /* BTVN_0410 */ = {
			isa = PBXGroup;
			children = (
				9B24703328E8E316006BA1DC /* FriendTableviewCell */,
				9B24700328E8E2BC006BA1DC /* AppDelegate.swift */,
				9B24700528E8E2BC006BA1DC /* SceneDelegate.swift */,
				9B24700728E8E2BC006BA1DC /* ViewController.swift */,
				9B24700928E8E2BC006BA1DC /* Main.storyboard */,
				9B24700C28E8E2BD006BA1DC /* Assets.xcassets */,
				9B24700E28E8E2BD006BA1DC /* LaunchScreen.storyboard */,
				9B24701128E8E2BD006BA1DC /* Info.plist */,
			);
			path = BTVN_0410;
			sourceTree = "<group>";
		};
		9B24701928E8E2BD006BA1DC /* BTVN_0410Tests */ = {
			isa = PBXGroup;
			children = (
				9B24701A28E8E2BD006BA1DC /* BTVN_0410Tests.swift */,
			);
			path = BTVN_0410Tests;
			sourceTree = "<group>";
		};
		9B24702328E8E2BD006BA1DC /* BTVN_0410UITests */ = {
			isa = PBXGroup;
			children = (
				9B24702428E8E2BD006BA1DC /* BTVN_0410UITests.swift */,
				9B24702628E8E2BD006BA1DC /* BTVN_0410UITestsLaunchTests.swift */,
			);
			path = BTVN_0410UITests;
			sourceTree = "<group>";
		};
		9B24703328E8E316006BA1DC /* FriendTableviewCell */ = {
			isa = PBXGroup;
			children = (
				9B24703428E8E352006BA1DC /* FriendsTableViewCell.swift */,
				9B24703528E8E352006BA1DC /* FriendsTableViewCell.xib */,
			);
			path = FriendTableviewCell;
			sourceTree = "<group>";
		};
/* End PBXGroup section */

/* Begin PBXNativeTarget section */
		9B246FFF28E8E2BC006BA1DC /* BTVN_0410 */ = {
			isa = PBXNativeTarget;
			buildConfigurationList = 9B24702A28E8E2BD006BA1DC /* Build configuration list for PBXNativeTarget "BTVN_0410" */;
			buildPhases = (
				9B246FFC28E8E2BC006BA1DC /* Sources */,
				9B246FFD28E8E2BC006BA1DC /* Frameworks */,
				9B246FFE28E8E2BC006BA1DC /* Resources */,
			);
			buildRules = (
			);
			dependencies = (
			);
			name = BTVN_0410;
			productName = BTVN_0410;
			productReference = 9B24700028E8E2BC006BA1DC /* BTVN_0410.app */;
			productType = "com.apple.product-type.application";
		};
		9B24701528E8E2BD006BA1DC /* BTVN_0410Tests */ = {
			isa = PBXNativeTarget;
			buildConfigurationList = 9B24702D28E8E2BD006BA1DC /* Build configuration list for PBXNativeTarget "BTVN_0410Tests" */;
			buildPhases = (
				9B24701228E8E2BD006BA1DC /* Sources */,
				9B24701328E8E2BD006BA1DC /* Frameworks */,
				9B24701428E8E2BD006BA1DC /* Resources */,
			);
			buildRules = (
			);
			dependencies = (
				9B24701828E8E2BD006BA1DC /* PBXTargetDependency */,
			);
			name = BTVN_0410Tests;
			productName = BTVN_0410Tests;
			productReference = 9B24701628E8E2BD006BA1DC /* BTVN_0410Tests.xctest */;
			productType = "com.apple.product-type.bundle.unit-test";
		};
		9B24701F28E8E2BD006BA1DC /* BTVN_0410UITests */ = {
			isa = PBXNativeTarget;
			buildConfigurationList = 9B24703028E8E2BD006BA1DC /* Build configuration list for PBXNativeTarget "BTVN_0410UITests" */;
			buildPhases = (
				9B24701C28E8E2BD006BA1DC /* Sources */,
				9B24701D28E8E2BD006BA1DC /* Frameworks */,
				9B24701E28E8E2BD006BA1DC /* Resources */,
			);
			buildRules = (
			);
			dependencies = (
				9B24702228E8E2BD006BA1DC /* PBXTargetDependency */,
			);
			name = BTVN_0410UITests;
			productName = BTVN_0410UITests;
			productReference = 9B24702028E8E2BD006BA1DC /* BTVN_0410UITests.xctest */;
			productType = "com.apple.product-type.bundle.ui-testing";
		};
/* End PBXNativeTarget section */

/* Begin PBXProject section */
		9B246FF828E8E2BC006BA1DC /* Project object */ = {
			isa = PBXProject;
			attributes = {
				BuildIndependentTargetsInParallel = 1;
				LastSwiftUpdateCheck = 1340;
				LastUpgradeCheck = 1340;
				TargetAttributes = {
					9B246FFF28E8E2BC006BA1DC = {
						CreatedOnToolsVersion = 13.4.1;
					};
					9B24701528E8E2BD006BA1DC = {
						CreatedOnToolsVersion = 13.4.1;
						TestTargetID = 9B246FFF28E8E2BC006BA1DC;
					};
					9B24701F28E8E2BD006BA1DC = {
						CreatedOnToolsVersion = 13.4.1;
						TestTargetID = 9B246FFF28E8E2BC006BA1DC;
					};
				};
			};
			buildConfigurationList = 9B246FFB28E8E2BC006BA1DC /* Build configuration list for PBXProject "BTVN_0410" */;
			compatibilityVersion = "Xcode 13.0";
			developmentRegion = en;
			hasScannedForEncodings = 0;
			knownRegions = (
				en,
				Base,
			);
			mainGroup = 9B246FF728E8E2BC006BA1DC;
			productRefGroup = 9B24700128E8E2BC006BA1DC /* Products */;
			projectDirPath = "";
			projectRoot = "";
			targets = (
				9B246FFF28E8E2BC006BA1DC /* BTVN_0410 */,
				9B24701528E8E2BD006BA1DC /* BTVN_0410Tests */,
				9B24701F28E8E2BD006BA1DC /* BTVN_0410UITests */,
			);
		};
/* End PBXProject section */

/* Begin PBXResourcesBuildPhase section */
		9B246FFE28E8E2BC006BA1DC /* Resources */ = {
			isa = PBXResourcesBuildPhase;
			buildActionMask = 2147483647;
			files = (
				9B24701028E8E2BD006BA1DC /* LaunchScreen.storyboard in Resources */,
				9B24700D28E8E2BD006BA1DC /* Assets.xcassets in Resources */,
				9B24700B28E8E2BC006BA1DC /* Main.storyboard in Resources */,
				9B24703728E8E352006BA1DC /* FriendsTableViewCell.xib in Resources */,
			);
			runOnlyForDeploymentPostprocessing = 0;
		};
		9B24701428E8E2BD006BA1DC /* Resources */ = {
			isa = PBXResourcesBuildPhase;
			buildActionMask = 2147483647;
			files = (
			);
			runOnlyForDeploymentPostprocessing = 0;
		};
		9B24701E28E8E2BD006BA1DC /* Resources */ = {
			isa = PBXResourcesBuildPhase;
			buildActionMask = 2147483647;
			files = (
			);
			runOnlyForDeploymentPostprocessing = 0;
		};
/* End PBXResourcesBuildPhase section */

/* Begin PBXSourcesBuildPhase section */
		9B246FFC28E8E2BC006BA1DC /* Sources */ = {
			isa = PBXSourcesBuildPhase;
			buildActionMask = 2147483647;
			files = (
				9B24700828E8E2BC006BA1DC /* ViewController.swift in Sources */,
				9B24700428E8E2BC006BA1DC /* AppDelegate.swift in Sources */,
				9B24700628E8E2BC006BA1DC /* SceneDelegate.swift in Sources */,
				9B24703628E8E352006BA1DC /* FriendsTableViewCell.swift in Sources */,
			);
			runOnlyForDeploymentPostprocessing = 0;
		};
		9B24701228E8E2BD006BA1DC /* Sources */ = {
			isa = PBXSourcesBuildPhase;
			buildActionMask = 2147483647;
			files = (
				9B24701B28E8E2BD006BA1DC /* BTVN_0410Tests.swift in Sources */,
			);
			runOnlyForDeploymentPostprocessing = 0;
		};
		9B24701C28E8E2BD006BA1DC /* Sources */ = {
			isa = PBXSourcesBuildPhase;
			buildActionMask = 2147483647;
			files = (
				9B24702528E8E2BD006BA1DC /* BTVN_0410UITests.swift in Sources */,
				9B24702728E8E2BD006BA1DC /* BTVN_0410UITestsLaunchTests.swift in Sources */,
			);
			runOnlyForDeploymentPostprocessing = 0;
		};
/* End PBXSourcesBuildPhase section */

/* Begin PBXTargetDependency section */
		9B24701828E8E2BD006BA1DC /* PBXTargetDependency */ = {
			isa = PBXTargetDependency;
			target = 9B246FFF28E8E2BC006BA1DC /* BTVN_0410 */;
			targetProxy = 9B24701728E8E2BD006BA1DC /* PBXContainerItemProxy */;
		};
		9B24702228E8E2BD006BA1DC /* PBXTargetDependency */ = {
			isa = PBXTargetDependency;
			target = 9B246FFF28E8E2BC006BA1DC /* BTVN_0410 */;
			targetProxy = 9B24702128E8E2BD006BA1DC /* PBXContainerItemProxy */;
		};
/* End PBXTargetDependency section */

/* Begin PBXVariantGroup section */
		9B24700928E8E2BC006BA1DC /* Main.storyboard */ = {
			isa = PBXVariantGroup;
			children = (
				9B24700A28E8E2BC006BA1DC /* Base */,
			);
			name = Main.storyboard;
			sourceTree = "<group>";
		};
		9B24700E28E8E2BD006BA1DC /* LaunchScreen.storyboard */ = {
			isa = PBXVariantGroup;
			children = (
				9B24700F28E8E2BD006BA1DC /* Base */,
			);
			name = LaunchScreen.storyboard;
			sourceTree = "<group>";
		};
/* End PBXVariantGroup section */

/* Begin XCBuildConfiguration section */
		9B24702828E8E2BD006BA1DC /* Debug */ = {
			isa = XCBuildConfiguration;
			buildSettings = {
				ALWAYS_SEARCH_USER_PATHS = NO;
				CLANG_ANALYZER_NONNULL = YES;
				CLANG_ANALYZER_NUMBER_OBJECT_CONVERSION = YES_AGGRESSIVE;
				CLANG_CXX_LANGUAGE_STANDARD = "gnu++17";
				CLANG_ENABLE_MODULES = YES;
				CLANG_ENABLE_OBJC_ARC = YES;
				CLANG_ENABLE_OBJC_WEAK = YES;
				CLANG_WARN_BLOCK_CAPTURE_AUTORELEASING = YES;
				CLANG_WARN_BOOL_CONVERSION = YES;
				CLANG_WARN_COMMA = YES;
				CLANG_WARN_CONSTANT_CONVERSION = YES;
				CLANG_WARN_DEPRECATED_OBJC_IMPLEMENTATIONS = YES;
				CLANG_WARN_DIRECT_OBJC_ISA_USAGE = YES_ERROR;
				CLANG_WARN_DOCUMENTATION_COMMENTS = YES;
				CLANG_WARN_EMPTY_BODY = YES;
				CLANG_WARN_ENUM_CONVERSION = YES;
				CLANG_WARN_INFINITE_RECURSION = YES;
				CLANG_WARN_INT_CONVERSION = YES;
				CLANG_WARN_NON_LITERAL_NULL_CONVERSION = YES;
				CLANG_WARN_OBJC_IMPLICIT_RETAIN_SELF = YES;
				CLANG_WARN_OBJC_LITERAL_CONVERSION = YES;
				CLANG_WARN_OBJC_ROOT_CLASS = YES_ERROR;
				CLANG_WARN_QUOTED_INCLUDE_IN_FRAMEWORK_HEADER = YES;
				CLANG_WARN_RANGE_LOOP_ANALYSIS = YES;
				CLANG_WARN_STRICT_PROTOTYPES = YES;
				CLANG_WARN_SUSPICIOUS_MOVE = YES;
				CLANG_WARN_UNGUARDED_AVAILABILITY = YES_AGGRESSIVE;
				CLANG_WARN_UNREACHABLE_CODE = YES;
				CLANG_WARN__DUPLICATE_METHOD_MATCH = YES;
				COPY_PHASE_STRIP = NO;
				DEBUG_INFORMATION_FORMAT = dwarf;
				ENABLE_STRICT_OBJC_MSGSEND = YES;
				ENABLE_TESTABILITY = YES;
				GCC_C_LANGUAGE_STANDARD = gnu11;
				GCC_DYNAMIC_NO_PIC = NO;
				GCC_NO_COMMON_BLOCKS = YES;
				GCC_OPTIMIZATION_LEVEL = 0;
				GCC_PREPROCESSOR_DEFINITIONS = (
					"DEBUG=1",
					"$(inherited)",
				);
				GCC_WARN_64_TO_32_BIT_CONVERSION = YES;
				GCC_WARN_ABOUT_RETURN_TYPE = YES_ERROR;
				GCC_WARN_UNDECLARED_SELECTOR = YES;
				GCC_WARN_UNINITIALIZED_AUTOS = YES_AGGRESSIVE;
				GCC_WARN_UNUSED_FUNCTION = YES;
				GCC_WARN_UNUSED_VARIABLE = YES;
				IPHONEOS_DEPLOYMENT_TARGET = 15.5;
				MTL_ENABLE_DEBUG_INFO = INCLUDE_SOURCE;
				MTL_FAST_MATH = YES;
				ONLY_ACTIVE_ARCH = YES;
				SDKROOT = iphoneos;
				SWIFT_ACTIVE_COMPILATION_CONDITIONS = DEBUG;
				SWIFT_OPTIMIZATION_LEVEL = "-Onone";
			};
			name = Debug;
		};
		9B24702928E8E2BD006BA1DC /* Release */ = {
			isa = XCBuildConfiguration;
			buildSettings = {
				ALWAYS_SEARCH_USER_PATHS = NO;
				CLANG_ANALYZER_NONNULL = YES;
				CLANG_ANALYZER_NUMBER_OBJECT_CONVERSION = YES_AGGRESSIVE;
				CLANG_CXX_LANGUAGE_STANDARD = "gnu++17";
				CLANG_ENABLE_MODULES = YES;
				CLANG_ENABLE_OBJC_ARC = YES;
				CLANG_ENABLE_OBJC_WEAK = YES;
				CLANG_WARN_BLOCK_CAPTURE_AUTORELEASING = YES;
				CLANG_WARN_BOOL_CONVERSION = YES;
				CLANG_WARN_COMMA = YES;
				CLANG_WARN_CONSTANT_CONVERSION = YES;
				CLANG_WARN_DEPRECATED_OBJC_IMPLEMENTATIONS = YES;
				CLANG_WARN_DIRECT_OBJC_ISA_USAGE = YES_ERROR;
				CLANG_WARN_DOCUMENTATION_COMMENTS = YES;
				CLANG_WARN_EMPTY_BODY = YES;
				CLANG_WARN_ENUM_CONVERSION = YES;
				CLANG_WARN_INFINITE_RECURSION = YES;
				CLANG_WARN_INT_CONVERSION = YES;
				CLANG_WARN_NON_LITERAL_NULL_CONVERSION = YES;
				CLANG_WARN_OBJC_IMPLICIT_RETAIN_SELF = YES;
				CLANG_WARN_OBJC_LITERAL_CONVERSION = YES;
				CLANG_WARN_OBJC_ROOT_CLASS = YES_ERROR;
				CLANG_WARN_QUOTED_INCLUDE_IN_FRAMEWORK_HEADER = YES;
				CLANG_WARN_RANGE_LOOP_ANALYSIS = YES;
				CLANG_WARN_STRICT_PROTOTYPES = YES;
				CLANG_WARN_SUSPICIOUS_MOVE = YES;
				CLANG_WARN_UNGUARDED_AVAILABILITY = YES_AGGRESSIVE;
				CLANG_WARN_UNREACHABLE_CODE = YES;
				CLANG_WARN__DUPLICATE_METHOD_MATCH = YES;
				COPY_PHASE_STRIP = NO;
				DEBUG_INFORMATION_FORMAT = "dwarf-with-dsym";
				ENABLE_NS_ASSERTIONS = NO;
				ENABLE_STRICT_OBJC_MSGSEND = YES;
				GCC_C_LANGUAGE_STANDARD = gnu11;
				GCC_NO_COMMON_BLOCKS = YES;
				GCC_WARN_64_TO_32_BIT_CONVERSION = YES;
				GCC_WARN_ABOUT_RETURN_TYPE = YES_ERROR;
				GCC_WARN_UNDECLARED_SELECTOR = YES;
				GCC_WARN_UNINITIALIZED_AUTOS = YES_AGGRESSIVE;
				GCC_WARN_UNUSED_FUNCTION = YES;
				GCC_WARN_UNUSED_VARIABLE = YES;
				IPHONEOS_DEPLOYMENT_TARGET = 15.5;
				MTL_ENABLE_DEBUG_INFO = NO;
				MTL_FAST_MATH = YES;
				SDKROOT = iphoneos;
				SWIFT_COMPILATION_MODE = wholemodule;
				SWIFT_OPTIMIZATION_LEVEL = "-O";
				VALIDATE_PRODUCT = YES;
			};
			name = Release;
		};
		9B24702B28E8E2BD006BA1DC /* Debug */ = {
			isa = XCBuildConfiguration;
			buildSettings = {
				ASSETCATALOG_COMPILER_APPICON_NAME = AppIcon;
				ASSETCATALOG_COMPILER_GLOBAL_ACCENT_COLOR_NAME = AccentColor;
				CODE_SIGN_STYLE = Automatic;
				CURRENT_PROJECT_VERSION = 1;
				GENERATE_INFOPLIST_FILE = YES;
				INFOPLIST_FILE = BTVN_0410/Info.plist;
				INFOPLIST_KEY_UIApplicationSupportsIndirectInputEvents = YES;
				INFOPLIST_KEY_UILaunchStoryboardName = LaunchScreen;
				INFOPLIST_KEY_UIMainStoryboardFile = Main;
				INFOPLIST_KEY_UISupportedInterfaceOrientations_iPad = "UIInterfaceOrientationPortrait UIInterfaceOrientationPortraitUpsideDown UIInterfaceOrientationLandscapeLeft UIInterfaceOrientationLandscapeRight";
				INFOPLIST_KEY_UISupportedInterfaceOrientations_iPhone = "UIInterfaceOrientationPortrait UIInterfaceOrientationLandscapeLeft UIInterfaceOrientationLandscapeRight";
				LD_RUNPATH_SEARCH_PATHS = (
					"$(inherited)",
					"@executable_path/Frameworks",
				);
				MARKETING_VERSION = 1.0;
				PRODUCT_BUNDLE_IDENTIFIER = "com.login.BTVN-0410";
				PRODUCT_NAME = "$(TARGET_NAME)";
				SWIFT_EMIT_LOC_STRINGS = YES;
				SWIFT_VERSION = 5.0;
				TARGETED_DEVICE_FAMILY = "1,2";
			};
			name = Debug;
		};
		9B24702C28E8E2BD006BA1DC /* Release */ = {
			isa = XCBuildConfiguration;
			buildSettings = {
				ASSETCATALOG_COMPILER_APPICON_NAME = AppIcon;
				ASSETCATALOG_COMPILER_GLOBAL_ACCENT_COLOR_NAME = AccentColor;
				CODE_SIGN_STYLE = Automatic;
				CURRENT_PROJECT_VERSION = 1;
				GENERATE_INFOPLIST_FILE = YES;
				INFOPLIST_FILE = BTVN_0410/Info.plist;
				INFOPLIST_KEY_UIApplicationSupportsIndirectInputEvents = YES;
				INFOPLIST_KEY_UILaunchStoryboardName = LaunchScreen;
				INFOPLIST_KEY_UIMainStoryboardFile = Main;
				INFOPLIST_KEY_UISupportedInterfaceOrientations_iPad = "UIInterfaceOrientationPortrait UIInterfaceOrientationPortraitUpsideDown UIInterfaceOrientationLandscapeLeft UIInterfaceOrientationLandscapeRight";
				INFOPLIST_KEY_UISupportedInterfaceOrientations_iPhone = "UIInterfaceOrientationPortrait UIInterfaceOrientationLandscapeLeft UIInterfaceOrientationLandscapeRight";
				LD_RUNPATH_SEARCH_PATHS = (
					"$(inherited)",
					"@executable_path/Frameworks",
				);
				MARKETING_VERSION = 1.0;
				PRODUCT_BUNDLE_IDENTIFIER = "com.login.BTVN-0410";
				PRODUCT_NAME = "$(TARGET_NAME)";
				SWIFT_EMIT_LOC_STRINGS = YES;
				SWIFT_VERSION = 5.0;
				TARGETED_DEVICE_FAMILY = "1,2";
			};
			name = Release;
		};
		9B24702E28E8E2BD006BA1DC /* Debug */ = {
			isa = XCBuildConfiguration;
			buildSettings = {
				ALWAYS_EMBED_SWIFT_STANDARD_LIBRARIES = YES;
				BUNDLE_LOADER = "$(TEST_HOST)";
				CODE_SIGN_STYLE = Automatic;
				CURRENT_PROJECT_VERSION = 1;
				GENERATE_INFOPLIST_FILE = YES;
				IPHONEOS_DEPLOYMENT_TARGET = 15.5;
				MARKETING_VERSION = 1.0;
				PRODUCT_BUNDLE_IDENTIFIER = "com.login.BTVN-0410Tests";
				PRODUCT_NAME = "$(TARGET_NAME)";
				SWIFT_EMIT_LOC_STRINGS = NO;
				SWIFT_VERSION = 5.0;
				TARGETED_DEVICE_FAMILY = "1,2";
				TEST_HOST = "$(BUILT_PRODUCTS_DIR)/BTVN_0410.app/BTVN_0410";
			};
			name = Debug;
		};
		9B24702F28E8E2BD006BA1DC /* Release */ = {
			isa = XCBuildConfiguration;
			buildSettings = {
				ALWAYS_EMBED_SWIFT_STANDARD_LIBRARIES = YES;
				BUNDLE_LOADER = "$(TEST_HOST)";
				CODE_SIGN_STYLE = Automatic;
				CURRENT_PROJECT_VERSION = 1;
				GENERATE_INFOPLIST_FILE = YES;
				IPHONEOS_DEPLOYMENT_TARGET = 15.5;
				MARKETING_VERSION = 1.0;
				PRODUCT_BUNDLE_IDENTIFIER = "com.login.BTVN-0410Tests";
				PRODUCT_NAME = "$(TARGET_NAME)";
				SWIFT_EMIT_LOC_STRINGS = NO;
				SWIFT_VERSION = 5.0;
				TARGETED_DEVICE_FAMILY = "1,2";
				TEST_HOST = "$(BUILT_PRODUCTS_DIR)/BTVN_0410.app/BTVN_0410";
			};
			name = Release;
		};
		9B24703128E8E2BD006BA1DC /* Debug */ = {
			isa = XCBuildConfiguration;
			buildSettings = {
				ALWAYS_EMBED_SWIFT_STANDARD_LIBRARIES = YES;
				CODE_SIGN_STYLE = Automatic;
				CURRENT_PROJECT_VERSION = 1;
				GENERATE_INFOPLIST_FILE = YES;
				MARKETING_VERSION = 1.0;
				PRODUCT_BUNDLE_IDENTIFIER = "com.login.BTVN-0410UITests";
				PRODUCT_NAME = "$(TARGET_NAME)";
				SWIFT_EMIT_LOC_STRINGS = NO;
				SWIFT_VERSION = 5.0;
				TARGETED_DEVICE_FAMILY = "1,2";
				TEST_TARGET_NAME = BTVN_0410;
			};
			name = Debug;
		};
		9B24703228E8E2BD006BA1DC /* Release */ = {
			isa = XCBuildConfiguration;
			buildSettings = {
				ALWAYS_EMBED_SWIFT_STANDARD_LIBRARIES = YES;
				CODE_SIGN_STYLE = Automatic;
				CURRENT_PROJECT_VERSION = 1;
				GENERATE_INFOPLIST_FILE = YES;
				MARKETING_VERSION = 1.0;
				PRODUCT_BUNDLE_IDENTIFIER = "com.login.BTVN-0410UITests";
				PRODUCT_NAME = "$(TARGET_NAME)";
				SWIFT_EMIT_LOC_STRINGS = NO;
				SWIFT_VERSION = 5.0;
				TARGETED_DEVICE_FAMILY = "1,2";
				TEST_TARGET_NAME = BTVN_0410;
			};
			name = Release;
		};
/* End XCBuildConfiguration section */

/* Begin XCConfigurationList section */
		9B246FFB28E8E2BC006BA1DC /* Build configuration list for PBXProject "BTVN_0410" */ = {
			isa = XCConfigurationList;
			buildConfigurations = (
				9B24702828E8E2BD006BA1DC /* Debug */,
				9B24702928E8E2BD006BA1DC /* Release */,
			);
			defaultConfigurationIsVisible = 0;
			defaultConfigurationName = Release;
		};
		9B24702A28E8E2BD006BA1DC /* Build configuration list for PBXNativeTarget "BTVN_0410" */ = {
			isa = XCConfigurationList;
			buildConfigurations = (
				9B24702B28E8E2BD006BA1DC /* Debug */,
				9B24702C28E8E2BD006BA1DC /* Release */,
			);
			defaultConfigurationIsVisible = 0;
			defaultConfigurationName = Release;
		};
		9B24702D28E8E2BD006BA1DC /* Build configuration list for PBXNativeTarget "BTVN_0410Tests" */ = {
			isa = XCConfigurationList;
			buildConfigurations = (
				9B24702E28E8E2BD006BA1DC /* Debug */,
				9B24702F28E8E2BD006BA1DC /* Release */,
			);
			defaultConfigurationIsVisible = 0;
			defaultConfigurationName = Release;
		};
		9B24703028E8E2BD006BA1DC /* Build configuration list for PBXNativeTarget "BTVN_0410UITests" */ = {
			isa = XCConfigurationList;
			buildConfigurations = (
				9B24703128E8E2BD006BA1DC /* Debug */,
				9B24703228E8E2BD006BA1DC /* Release */,
			);
			defaultConfigurationIsVisible = 0;
			defaultConfigurationName = Release;
		};
/* End XCConfigurationList section */
	};
	rootObject = 9B246FF828E8E2BC006BA1DC /* Project object */;
}
